PODS:
  - Blindside (1.0-alpha)
  - Cedar (0.9.7)

DEPENDENCIES:
  - Blindside (from `https://github.com/jbsf/blindside`)
  - Cedar (from `https://github.com/pivotal/Cedar`)

EXTERNAL SOURCES:
  Blindside:
    :git: https://github.com/jbsf/blindside
  Cedar:
    :git: https://github.com/pivotal/Cedar

SPEC CHECKSUMS:
  Blindside: 3aae47c0138e6f1cf29cb4ed742bcee3744fdd2a
  Cedar: d659017e29f3842d02527a845b63c83d2c3e9e1c

COCOAPODS: 0.33.1
